
Microsoft Visual Studio Solution File, Format Version 12.00
# Visual Studio Version 17
VisualStudioVersion = 17.10.35122.118
MinimumVisualStudioVersion = 10.0.40219.1
Project("{8BC9CEB8-8B4A-11D0-8D11-00A0C91BC942}") = "Test_Lab2_OS", "Test_Lab2_OS\Test_Lab2_OS.vcxproj", "{7EC55556-7930-4AB6-9AF2-C37C48F9AE93}"
EndProject
Project("{8BC9CEB8-8B4A-11D0-8D11-00A0C91BC942}") = "my_test1", "my_test1\my_test1.vcxproj", "{1F2B74F0-F0E6-4ED0-AC15-330D57224636}"
EndProject
Global
	GlobalSection(SolutionConfigurationPlatforms) = preSolution
		Debug|x64 = Debug|x64
		Debug|x86 = Debug|x86
		Release|x64 = Release|x64
		Release|x86 = Release|x86
	EndGlobalSection
	GlobalSection(ProjectConfigurationPlatforms) = postSolution
		{7EC55556-7930-4AB6-9AF2-C37C48F9AE93}.Debug|x64.ActiveCfg = Debug|x64
		{7EC55556-7930-4AB6-9AF2-C37C48F9AE93}.Debug|x64.Build.0 = Debug|x64
		{7EC55556-7930-4AB6-9AF2-C37C48F9AE93}.Debug|x86.ActiveCfg = Debug|Win32
		{7EC55556-7930-4AB6-9AF2-C37C48F9AE93}.Debug|x86.Build.0 = Debug|Win32
		{7EC55556-7930-4AB6-9AF2-C37C48F9AE93}.Release|x64.ActiveCfg = Release|x64
		{7EC55556-7930-4AB6-9AF2-C37C48F9AE93}.Release|x64.Build.0 = Release|x64
		{7EC55556-7930-4AB6-9AF2-C37C48F9AE93}.Release|x86.ActiveCfg = Release|Win32
		{7EC55556-7930-4AB6-9AF2-C37C48F9AE93}.Release|x86.Build.0 = Release|Win32
		{1F2B74F0-F0E6-4ED0-AC15-330D57224636}.Debug|x64.ActiveCfg = Debug|x64
		{1F2B74F0-F0E6-4ED0-AC15-330D57224636}.Debug|x64.Build.0 = Debug|x64
		{1F2B74F0-F0E6-4ED0-AC15-330D57224636}.Debug|x86.ActiveCfg = Debug|Win32
		{1F2B74F0-F0E6-4ED0-AC15-330D57224636}.Debug|x86.Build.0 = Debug|Win32
		{1F2B74F0-F0E6-4ED0-AC15-330D57224636}.Release|x64.ActiveCfg = Release|x64
		{1F2B74F0-F0E6-4ED0-AC15-330D57224636}.Release|x64.Build.0 = Release|x64
		{1F2B74F0-F0E6-4ED0-AC15-330D57224636}.Release|x86.ActiveCfg = Release|Win32
		{1F2B74F0-F0E6-4ED0-AC15-330D57224636}.Release|x86.Build.0 = Release|Win32
	EndGlobalSection
	GlobalSection(SolutionProperties) = preSolution
		HideSolutionNode = FALSE
	EndGlobalSection
	GlobalSection(ExtensibilityGlobals) = postSolution
		SolutionGuid = {A8767292-E42A-46DE-A468-238DF929CE68}
	EndGlobalSection
EndGlobal
